// !$*UTF8*$!
{
	archiveVersion = 1;
	classes = {
	};
	objectVersion = 54;
	objects = {

/* Begin PBXBuildFile section */
		A04B1F1225A54CDF004B3134 /* AnyNetworkService.h in Headers */ = {isa = PBXBuildFile; fileRef = A04B1F1025A54CDF004B3134 /* AnyNetworkService.h */; settings = {ATTRIBUTES = (Public, ); }; };
		A04EF3F025A60546008980CF /* NetworkError.swift in Sources */ = {isa = PBXBuildFile; fileRef = A04EF3EF25A60546008980CF /* NetworkError.swift */; };
		A04EF3F125A60546008980CF /* NetworkError.swift in Sources */ = {isa = PBXBuildFile; fileRef = A04EF3EF25A60546008980CF /* NetworkError.swift */; };
		A0F3B15825A5553500B89F0F /* RequestNetworkAPI.swift in Sources */ = {isa = PBXBuildFile; fileRef = A0F3B15425A5553500B89F0F /* RequestNetworkAPI.swift */; };
		A0F3B15925A5553500B89F0F /* RequestNetworkAPI.swift in Sources */ = {isa = PBXBuildFile; fileRef = A0F3B15425A5553500B89F0F /* RequestNetworkAPI.swift */; };
		A0F3B15A25A5553500B89F0F /* NetworkSession.swift in Sources */ = {isa = PBXBuildFile; fileRef = A0F3B15525A5553500B89F0F /* NetworkSession.swift */; };
		A0F3B15B25A5553500B89F0F /* NetworkSession.swift in Sources */ = {isa = PBXBuildFile; fileRef = A0F3B15525A5553500B89F0F /* NetworkSession.swift */; };
		A0F3B15C25A5553500B89F0F /* NetworkAPI.swift in Sources */ = {isa = PBXBuildFile; fileRef = A0F3B15625A5553500B89F0F /* NetworkAPI.swift */; };
		A0F3B15D25A5553500B89F0F /* NetworkAPI.swift in Sources */ = {isa = PBXBuildFile; fileRef = A0F3B15625A5553500B89F0F /* NetworkAPI.swift */; };
		A0F3B15E25A5553500B89F0F /* UploadNetworkAPI.swift in Sources */ = {isa = PBXBuildFile; fileRef = A0F3B15725A5553500B89F0F /* UploadNetworkAPI.swift */; };
		A0F3B15F25A5553500B89F0F /* UploadNetworkAPI.swift in Sources */ = {isa = PBXBuildFile; fileRef = A0F3B15725A5553500B89F0F /* UploadNetworkAPI.swift */; };
		A0F3B17B25A5590F00B89F0F /* NetworkSession+Request.swift in Sources */ = {isa = PBXBuildFile; fileRef = A0F3B17A25A5590F00B89F0F /* NetworkSession+Request.swift */; };
		A0F3B17C25A5590F00B89F0F /* NetworkSession+Request.swift in Sources */ = {isa = PBXBuildFile; fileRef = A0F3B17A25A5590F00B89F0F /* NetworkSession+Request.swift */; };
		A0F3B18025A5599500B89F0F /* NetworkSession+Upload.swift in Sources */ = {isa = PBXBuildFile; fileRef = A0F3B17F25A5599500B89F0F /* NetworkSession+Upload.swift */; };
		A0F3B18125A5599500B89F0F /* NetworkSession+Upload.swift in Sources */ = {isa = PBXBuildFile; fileRef = A0F3B17F25A5599500B89F0F /* NetworkSession+Upload.swift */; };
		A0F3B19125A5657A00B89F0F /* NetworkService.swift in Sources */ = {isa = PBXBuildFile; fileRef = A0F3B19025A5657A00B89F0F /* NetworkService.swift */; };
		A0F3B19225A5657A00B89F0F /* NetworkService.swift in Sources */ = {isa = PBXBuildFile; fileRef = A0F3B19025A5657A00B89F0F /* NetworkService.swift */; };
		A0F3B19625A5853D00B89F0F /* NetworkEnvironment.swift in Sources */ = {isa = PBXBuildFile; fileRef = A0F3B19525A5853D00B89F0F /* NetworkEnvironment.swift */; };
		A0F3B19725A5853D00B89F0F /* NetworkEnvironment.swift in Sources */ = {isa = PBXBuildFile; fileRef = A0F3B19525A5853D00B89F0F /* NetworkEnvironment.swift */; };
		BE2BB08D87F1392831DF7863 /* Pods_AnyNetworkService_macOS.framework in Frameworks */ = {isa = PBXBuildFile; fileRef = 2616DB0700B490A98F09E2F1 /* Pods_AnyNetworkService_macOS.framework */; };
		E3374CFA55A3BF10C5C152B6 /* Pods_AnyNetworkService_iOS.framework in Frameworks */ = {isa = PBXBuildFile; fileRef = 930FF429C837EF525ADF2F45 /* Pods_AnyNetworkService_iOS.framework */; };
/* End PBXBuildFile section */

/* Begin PBXFileReference section */
		03296CDCCF754284139D467C /* Pods-AnyNetworkService-iOS.debug.xcconfig */ = {isa = PBXFileReference; includeInIndex = 1; lastKnownFileType = text.xcconfig; name = "Pods-AnyNetworkService-iOS.debug.xcconfig"; path = "Target Support Files/Pods-AnyNetworkService-iOS/Pods-AnyNetworkService-iOS.debug.xcconfig"; sourceTree = "<group>"; };
		2616DB0700B490A98F09E2F1 /* Pods_AnyNetworkService_macOS.framework */ = {isa = PBXFileReference; explicitFileType = wrapper.framework; includeInIndex = 0; path = Pods_AnyNetworkService_macOS.framework; sourceTree = BUILT_PRODUCTS_DIR; };
		930FF429C837EF525ADF2F45 /* Pods_AnyNetworkService_iOS.framework */ = {isa = PBXFileReference; explicitFileType = wrapper.framework; includeInIndex = 0; path = Pods_AnyNetworkService_iOS.framework; sourceTree = BUILT_PRODUCTS_DIR; };
		A04B1F0D25A54CDF004B3134 /* AnyNetworkService.framework */ = {isa = PBXFileReference; explicitFileType = wrapper.framework; includeInIndex = 0; path = AnyNetworkService.framework; sourceTree = BUILT_PRODUCTS_DIR; };
		A04B1F1025A54CDF004B3134 /* AnyNetworkService.h */ = {isa = PBXFileReference; lastKnownFileType = sourcecode.c.h; path = AnyNetworkService.h; sourceTree = "<group>"; };
		A04B1F2125A5500A004B3134 /* AnyNetworkService.framework */ = {isa = PBXFileReference; explicitFileType = wrapper.framework; includeInIndex = 0; path = AnyNetworkService.framework; sourceTree = BUILT_PRODUCTS_DIR; };
		A04B1F2425A5500A004B3134 /* Info.plist */ = {isa = PBXFileReference; lastKnownFileType = text.plist.xml; path = Info.plist; sourceTree = "<group>"; };
		A04EF3EF25A60546008980CF /* NetworkError.swift */ = {isa = PBXFileReference; lastKnownFileType = sourcecode.swift; path = NetworkError.swift; sourceTree = "<group>"; };
		A051CC4025DCF0E200A38C5E /* AnyNetworkService.podspec */ = {isa = PBXFileReference; lastKnownFileType = text; path = AnyNetworkService.podspec; sourceTree = "<group>"; };
		A070D4B125AB419E00B00467 /* LICENSE */ = {isa = PBXFileReference; lastKnownFileType = text; path = LICENSE; sourceTree = "<group>"; };
		A070D4B325AB41B300B00467 /* README.md */ = {isa = PBXFileReference; lastKnownFileType = net.daringfireball.markdown; path = README.md; sourceTree = "<group>"; };
		A0F3B15425A5553500B89F0F /* RequestNetworkAPI.swift */ = {isa = PBXFileReference; fileEncoding = 4; lastKnownFileType = sourcecode.swift; path = RequestNetworkAPI.swift; sourceTree = "<group>"; };
		A0F3B15525A5553500B89F0F /* NetworkSession.swift */ = {isa = PBXFileReference; fileEncoding = 4; lastKnownFileType = sourcecode.swift; path = NetworkSession.swift; sourceTree = "<group>"; };
		A0F3B15625A5553500B89F0F /* NetworkAPI.swift */ = {isa = PBXFileReference; fileEncoding = 4; lastKnownFileType = sourcecode.swift; path = NetworkAPI.swift; sourceTree = "<group>"; };
		A0F3B15725A5553500B89F0F /* UploadNetworkAPI.swift */ = {isa = PBXFileReference; fileEncoding = 4; lastKnownFileType = sourcecode.swift; path = UploadNetworkAPI.swift; sourceTree = "<group>"; };
		A0F3B17A25A5590F00B89F0F /* NetworkSession+Request.swift */ = {isa = PBXFileReference; lastKnownFileType = sourcecode.swift; path = "NetworkSession+Request.swift"; sourceTree = "<group>"; };
		A0F3B17F25A5599500B89F0F /* NetworkSession+Upload.swift */ = {isa = PBXFileReference; lastKnownFileType = sourcecode.swift; path = "NetworkSession+Upload.swift"; sourceTree = "<group>"; };
		A0F3B19025A5657A00B89F0F /* NetworkService.swift */ = {isa = PBXFileReference; lastKnownFileType = sourcecode.swift; path = NetworkService.swift; sourceTree = "<group>"; };
		A0F3B19525A5853D00B89F0F /* NetworkEnvironment.swift */ = {isa = PBXFileReference; lastKnownFileType = sourcecode.swift; path = NetworkEnvironment.swift; sourceTree = "<group>"; };
		C1E50E72C54414373ECA1515 /* Pods-AnyNetworkService-macOS.debug.xcconfig */ = {isa = PBXFileReference; includeInIndex = 1; lastKnownFileType = text.xcconfig; name = "Pods-AnyNetworkService-macOS.debug.xcconfig"; path = "Target Support Files/Pods-AnyNetworkService-macOS/Pods-AnyNetworkService-macOS.debug.xcconfig"; sourceTree = "<group>"; };
		CB8760B740E8510889B4B8CA /* Pods-AnyNetworkService-macOS.release.xcconfig */ = {isa = PBXFileReference; includeInIndex = 1; lastKnownFileType = text.xcconfig; name = "Pods-AnyNetworkService-macOS.release.xcconfig"; path = "Target Support Files/Pods-AnyNetworkService-macOS/Pods-AnyNetworkService-macOS.release.xcconfig"; sourceTree = "<group>"; };
		F94B1E21D241CCCD28E0B218 /* Pods-AnyNetworkService-iOS.release.xcconfig */ = {isa = PBXFileReference; includeInIndex = 1; lastKnownFileType = text.xcconfig; name = "Pods-AnyNetworkService-iOS.release.xcconfig"; path = "Target Support Files/Pods-AnyNetworkService-iOS/Pods-AnyNetworkService-iOS.release.xcconfig"; sourceTree = "<group>"; };
/* End PBXFileReference section */

/* Begin PBXFrameworksBuildPhase section */
		A04B1F0A25A54CDF004B3134 /* Frameworks */ = {
			isa = PBXFrameworksBuildPhase;
			buildActionMask = 2147483647;
			files = (
				E3374CFA55A3BF10C5C152B6 /* Pods_AnyNetworkService_iOS.framework in Frameworks */,
			);
			runOnlyForDeploymentPostprocessing = 0;
		};
		A04B1F1E25A5500A004B3134 /* Frameworks */ = {
			isa = PBXFrameworksBuildPhase;
			buildActionMask = 2147483647;
			files = (
				BE2BB08D87F1392831DF7863 /* Pods_AnyNetworkService_macOS.framework in Frameworks */,
			);
			runOnlyForDeploymentPostprocessing = 0;
		};
/* End PBXFrameworksBuildPhase section */

/* Begin PBXGroup section */
		5EAFD6CCC9C0C590F56CB314 /* Pods */ = {
			isa = PBXGroup;
			children = (
				03296CDCCF754284139D467C /* Pods-AnyNetworkService-iOS.debug.xcconfig */,
				F94B1E21D241CCCD28E0B218 /* Pods-AnyNetworkService-iOS.release.xcconfig */,
				C1E50E72C54414373ECA1515 /* Pods-AnyNetworkService-macOS.debug.xcconfig */,
				CB8760B740E8510889B4B8CA /* Pods-AnyNetworkService-macOS.release.xcconfig */,
			);
			path = Pods;
			sourceTree = "<group>";
		};
		A04B1F0325A54CDF004B3134 = {
			isa = PBXGroup;
			children = (
				A070D4B325AB41B300B00467 /* README.md */,
				A070D4B125AB419E00B00467 /* LICENSE */,
				A051CC4025DCF0E200A38C5E /* AnyNetworkService.podspec */,
				A04B1F0F25A54CDF004B3134 /* Sources */,
				A04B1F0E25A54CDF004B3134 /* Products */,
				5EAFD6CCC9C0C590F56CB314 /* Pods */,
				F1671F8B68BDD7E11460F1FE /* Frameworks */,
			);
			sourceTree = "<group>";
		};
		A04B1F0E25A54CDF004B3134 /* Products */ = {
			isa = PBXGroup;
			children = (
				A04B1F0D25A54CDF004B3134 /* AnyNetworkService.framework */,
				A04B1F2125A5500A004B3134 /* AnyNetworkService.framework */,
			);
			name = Products;
			sourceTree = "<group>";
		};
		A04B1F0F25A54CDF004B3134 /* Sources */ = {
			isa = PBXGroup;
			children = (
				A04B1F1025A54CDF004B3134 /* AnyNetworkService.h */,
				A04B1F2425A5500A004B3134 /* Info.plist */,
				A0F3B15325A5553500B89F0F /* AnyNetworkService */,
			);
			path = Sources;
			sourceTree = "<group>";
		};
		A058972925A83B64001AD8A1 /* Core */ = {
			isa = PBXGroup;
			children = (
				A0F3B19525A5853D00B89F0F /* NetworkEnvironment.swift */,
				A04EF3EF25A60546008980CF /* NetworkError.swift */,
			);
			path = Core;
			sourceTree = "<group>";
		};
		A0F3B15325A5553500B89F0F /* AnyNetworkService */ = {
			isa = PBXGroup;
			children = (
				A058972925A83B64001AD8A1 /* Core */,
				A0F3B18525A55A5800B89F0F /* Session */,
				A0F3B18F25A5650100B89F0F /* Service */,
				A0F3B18425A55A4A00B89F0F /* API */,
			);
			path = AnyNetworkService;
			sourceTree = "<group>";
		};
		A0F3B18425A55A4A00B89F0F /* API */ = {
			isa = PBXGroup;
			children = (
				A0F3B15625A5553500B89F0F /* NetworkAPI.swift */,
				A0F3B15425A5553500B89F0F /* RequestNetworkAPI.swift */,
				A0F3B15725A5553500B89F0F /* UploadNetworkAPI.swift */,
			);
			path = API;
			sourceTree = "<group>";
		};
		A0F3B18525A55A5800B89F0F /* Session */ = {
			isa = PBXGroup;
			children = (
				A0F3B15525A5553500B89F0F /* NetworkSession.swift */,
				A0F3B17A25A5590F00B89F0F /* NetworkSession+Request.swift */,
				A0F3B17F25A5599500B89F0F /* NetworkSession+Upload.swift */,
			);
			path = Session;
			sourceTree = "<group>";
		};
		A0F3B18F25A5650100B89F0F /* Service */ = {
			isa = PBXGroup;
			children = (
				A0F3B19025A5657A00B89F0F /* NetworkService.swift */,
			);
			path = Service;
			sourceTree = "<group>";
		};
		F1671F8B68BDD7E11460F1FE /* Frameworks */ = {
			isa = PBXGroup;
			children = (
				930FF429C837EF525ADF2F45 /* Pods_AnyNetworkService_iOS.framework */,
				2616DB0700B490A98F09E2F1 /* Pods_AnyNetworkService_macOS.framework */,
			);
			name = Frameworks;
			sourceTree = "<group>";
		};
/* End PBXGroup section */

/* Begin PBXHeadersBuildPhase section */
		A04B1F0825A54CDF004B3134 /* Headers */ = {
			isa = PBXHeadersBuildPhase;
			buildActionMask = 2147483647;
			files = (
				A04B1F1225A54CDF004B3134 /* AnyNetworkService.h in Headers */,
			);
			runOnlyForDeploymentPostprocessing = 0;
		};
		A04B1F1C25A5500A004B3134 /* Headers */ = {
			isa = PBXHeadersBuildPhase;
			buildActionMask = 2147483647;
			files = (
			);
			runOnlyForDeploymentPostprocessing = 0;
		};
/* End PBXHeadersBuildPhase section */

/* Begin PBXNativeTarget section */
		A04B1F0C25A54CDF004B3134 /* AnyNetworkService-iOS */ = {
			isa = PBXNativeTarget;
			buildConfigurationList = A04B1F1525A54CDF004B3134 /* Build configuration list for PBXNativeTarget "AnyNetworkService-iOS" */;
			buildPhases = (
				0050F65B881949A9D4124F9C /* [CP] Check Pods Manifest.lock */,
				A04B1F0825A54CDF004B3134 /* Headers */,
				A04B1F0925A54CDF004B3134 /* Sources */,
				A04B1F0A25A54CDF004B3134 /* Frameworks */,
				A04B1F0B25A54CDF004B3134 /* Resources */,
			);
			buildRules = (
			);
			dependencies = (
			);
			name = "AnyNetworkService-iOS";
			productName = AnyNetworkService;
			productReference = A04B1F0D25A54CDF004B3134 /* AnyNetworkService.framework */;
			productType = "com.apple.product-type.framework";
		};
		A04B1F2025A5500A004B3134 /* AnyNetworkService-macOS */ = {
			isa = PBXNativeTarget;
			buildConfigurationList = A04B1F2625A5500A004B3134 /* Build configuration list for PBXNativeTarget "AnyNetworkService-macOS" */;
			buildPhases = (
				C23663E3FD4AC8D11CF601D5 /* [CP] Check Pods Manifest.lock */,
				A04B1F1C25A5500A004B3134 /* Headers */,
				A04B1F1D25A5500A004B3134 /* Sources */,
				A04B1F1E25A5500A004B3134 /* Frameworks */,
				A04B1F1F25A5500A004B3134 /* Resources */,
			);
			buildRules = (
			);
			dependencies = (
			);
			name = "AnyNetworkService-macOS";
			productName = "AnyNetworkService-macOS";
			productReference = A04B1F2125A5500A004B3134 /* AnyNetworkService.framework */;
			productType = "com.apple.product-type.framework";
		};
/* End PBXNativeTarget section */

/* Begin PBXProject section */
		A04B1F0425A54CDF004B3134 /* Project object */ = {
			isa = PBXProject;
			attributes = {
				LastUpgradeCheck = 1230;
				ORGANIZATIONNAME = anotheren.com;
				TargetAttributes = {
					A04B1F0C25A54CDF004B3134 = {
						CreatedOnToolsVersion = 12.3;
					};
					A04B1F2025A5500A004B3134 = {
						CreatedOnToolsVersion = 12.3;
					};
				};
			};
			buildConfigurationList = A04B1F0725A54CDF004B3134 /* Build configuration list for PBXProject "AnyNetworkService" */;
			compatibilityVersion = "Xcode 12.0";
			developmentRegion = en;
			hasScannedForEncodings = 0;
			knownRegions = (
				en,
				Base,
			);
			mainGroup = A04B1F0325A54CDF004B3134;
			productRefGroup = A04B1F0E25A54CDF004B3134 /* Products */;
			projectDirPath = "";
			projectRoot = "";
			targets = (
				A04B1F0C25A54CDF004B3134 /* AnyNetworkService-iOS */,
				A04B1F2025A5500A004B3134 /* AnyNetworkService-macOS */,
			);
		};
/* End PBXProject section */

/* Begin PBXResourcesBuildPhase section */
		A04B1F0B25A54CDF004B3134 /* Resources */ = {
			isa = PBXResourcesBuildPhase;
			buildActionMask = 2147483647;
			files = (
			);
			runOnlyForDeploymentPostprocessing = 0;
		};
		A04B1F1F25A5500A004B3134 /* Resources */ = {
			isa = PBXResourcesBuildPhase;
			buildActionMask = 2147483647;
			files = (
			);
			runOnlyForDeploymentPostprocessing = 0;
		};
/* End PBXResourcesBuildPhase section */

/* Begin PBXShellScriptBuildPhase section */
		0050F65B881949A9D4124F9C /* [CP] Check Pods Manifest.lock */ = {
			isa = PBXShellScriptBuildPhase;
			buildActionMask = 2147483647;
			files = (
			);
			inputFileListPaths = (
			);
			inputPaths = (
				"${PODS_PODFILE_DIR_PATH}/Podfile.lock",
				"${PODS_ROOT}/Manifest.lock",
			);
			name = "[CP] Check Pods Manifest.lock";
			outputFileListPaths = (
			);
			outputPaths = (
				"$(DERIVED_FILE_DIR)/Pods-AnyNetworkService-iOS-checkManifestLockResult.txt",
			);
			runOnlyForDeploymentPostprocessing = 0;
			shellPath = /bin/sh;
			shellScript = "diff \"${PODS_PODFILE_DIR_PATH}/Podfile.lock\" \"${PODS_ROOT}/Manifest.lock\" > /dev/null\nif [ $? != 0 ] ; then\n    # print error to STDERR\n    echo \"error: The sandbox is not in sync with the Podfile.lock. Run 'pod install' or update your CocoaPods installation.\" >&2\n    exit 1\nfi\n# This output is used by Xcode 'outputs' to avoid re-running this script phase.\necho \"SUCCESS\" > \"${SCRIPT_OUTPUT_FILE_0}\"\n";
			showEnvVarsInLog = 0;
		};
		C23663E3FD4AC8D11CF601D5 /* [CP] Check Pods Manifest.lock */ = {
			isa = PBXShellScriptBuildPhase;
			buildActionMask = 2147483647;
			files = (
			);
			inputFileListPaths = (
			);
			inputPaths = (
				"${PODS_PODFILE_DIR_PATH}/Podfile.lock",
				"${PODS_ROOT}/Manifest.lock",
			);
			name = "[CP] Check Pods Manifest.lock";
			outputFileListPaths = (
			);
			outputPaths = (
				"$(DERIVED_FILE_DIR)/Pods-AnyNetworkService-macOS-checkManifestLockResult.txt",
			);
			runOnlyForDeploymentPostprocessing = 0;
			shellPath = /bin/sh;
			shellScript = "diff \"${PODS_PODFILE_DIR_PATH}/Podfile.lock\" \"${PODS_ROOT}/Manifest.lock\" > /dev/null\nif [ $? != 0 ] ; then\n    # print error to STDERR\n    echo \"error: The sandbox is not in sync with the Podfile.lock. Run 'pod install' or update your CocoaPods installation.\" >&2\n    exit 1\nfi\n# This output is used by Xcode 'outputs' to avoid re-running this script phase.\necho \"SUCCESS\" > \"${SCRIPT_OUTPUT_FILE_0}\"\n";
			showEnvVarsInLog = 0;
		};
/* End PBXShellScriptBuildPhase section */

/* Begin PBXSourcesBuildPhase section */
		A04B1F0925A54CDF004B3134 /* Sources */ = {
			isa = PBXSourcesBuildPhase;
			buildActionMask = 2147483647;
			files = (
				A0F3B18025A5599500B89F0F /* NetworkSession+Upload.swift in Sources */,
				A04EF3F025A60546008980CF /* NetworkError.swift in Sources */,
				A0F3B15825A5553500B89F0F /* RequestNetworkAPI.swift in Sources */,
				A0F3B19625A5853D00B89F0F /* NetworkEnvironment.swift in Sources */,
				A0F3B15E25A5553500B89F0F /* UploadNetworkAPI.swift in Sources */,
				A0F3B17B25A5590F00B89F0F /* NetworkSession+Request.swift in Sources */,
				A0F3B15C25A5553500B89F0F /* NetworkAPI.swift in Sources */,
				A0F3B15A25A5553500B89F0F /* NetworkSession.swift in Sources */,
				A0F3B19125A5657A00B89F0F /* NetworkService.swift in Sources */,
			);
			runOnlyForDeploymentPostprocessing = 0;
		};
		A04B1F1D25A5500A004B3134 /* Sources */ = {
			isa = PBXSourcesBuildPhase;
			buildActionMask = 2147483647;
			files = (
				A0F3B18125A5599500B89F0F /* NetworkSession+Upload.swift in Sources */,
				A04EF3F125A60546008980CF /* NetworkError.swift in Sources */,
				A0F3B15925A5553500B89F0F /* RequestNetworkAPI.swift in Sources */,
				A0F3B19725A5853D00B89F0F /* NetworkEnvironment.swift in Sources */,
				A0F3B15F25A5553500B89F0F /* UploadNetworkAPI.swift in Sources */,
				A0F3B17C25A5590F00B89F0F /* NetworkSession+Request.swift in Sources */,
				A0F3B15D25A5553500B89F0F /* NetworkAPI.swift in Sources */,
				A0F3B15B25A5553500B89F0F /* NetworkSession.swift in Sources */,
				A0F3B19225A5657A00B89F0F /* NetworkService.swift in Sources */,
			);
			runOnlyForDeploymentPostprocessing = 0;
		};
/* End PBXSourcesBuildPhase section */

/* Begin XCBuildConfiguration section */
		A04B1F1325A54CDF004B3134 /* Debug */ = {
			isa = XCBuildConfiguration;
			buildSettings = {
				ALWAYS_SEARCH_USER_PATHS = NO;
				CLANG_ANALYZER_NONNULL = YES;
				CLANG_ANALYZER_NUMBER_OBJECT_CONVERSION = YES_AGGRESSIVE;
				CLANG_CXX_LANGUAGE_STANDARD = "gnu++14";
				CLANG_CXX_LIBRARY = "libc++";
				CLANG_ENABLE_MODULES = YES;
				CLANG_ENABLE_OBJC_ARC = YES;
				CLANG_ENABLE_OBJC_WEAK = YES;
				CLANG_WARN_BLOCK_CAPTURE_AUTORELEASING = YES;
				CLANG_WARN_BOOL_CONVERSION = YES;
				CLANG_WARN_COMMA = YES;
				CLANG_WARN_CONSTANT_CONVERSION = YES;
				CLANG_WARN_DEPRECATED_OBJC_IMPLEMENTATIONS = YES;
				CLANG_WARN_DIRECT_OBJC_ISA_USAGE = YES_ERROR;
				CLANG_WARN_DOCUMENTATION_COMMENTS = YES;
				CLANG_WARN_EMPTY_BODY = YES;
				CLANG_WARN_ENUM_CONVERSION = YES;
				CLANG_WARN_INFINITE_RECURSION = YES;
				CLANG_WARN_INT_CONVERSION = YES;
				CLANG_WARN_NON_LITERAL_NULL_CONVERSION = YES;
				CLANG_WARN_OBJC_IMPLICIT_RETAIN_SELF = YES;
				CLANG_WARN_OBJC_LITERAL_CONVERSION = YES;
				CLANG_WARN_OBJC_ROOT_CLASS = YES_ERROR;
				CLANG_WARN_QUOTED_INCLUDE_IN_FRAMEWORK_HEADER = YES;
				CLANG_WARN_RANGE_LOOP_ANALYSIS = YES;
				CLANG_WARN_STRICT_PROTOTYPES = YES;
				CLANG_WARN_SUSPICIOUS_MOVE = YES;
				CLANG_WARN_UNGUARDED_AVAILABILITY = YES_AGGRESSIVE;
				CLANG_WARN_UNREACHABLE_CODE = YES;
				CLANG_WARN__DUPLICATE_METHOD_MATCH = YES;
				COPY_PHASE_STRIP = NO;
				CURRENT_PROJECT_VERSION = 1;
				DEBUG_INFORMATION_FORMAT = dwarf;
				ENABLE_STRICT_OBJC_MSGSEND = YES;
				ENABLE_TESTABILITY = YES;
				GCC_C_LANGUAGE_STANDARD = gnu11;
				GCC_DYNAMIC_NO_PIC = NO;
				GCC_NO_COMMON_BLOCKS = YES;
				GCC_OPTIMIZATION_LEVEL = 0;
				GCC_PREPROCESSOR_DEFINITIONS = (
					"DEBUG=1",
					"$(inherited)",
				);
				GCC_WARN_64_TO_32_BIT_CONVERSION = YES;
				GCC_WARN_ABOUT_RETURN_TYPE = YES_ERROR;
				GCC_WARN_UNDECLARED_SELECTOR = YES;
				GCC_WARN_UNINITIALIZED_AUTOS = YES_AGGRESSIVE;
				GCC_WARN_UNUSED_FUNCTION = YES;
				GCC_WARN_UNUSED_VARIABLE = YES;
				IPHONEOS_DEPLOYMENT_TARGET = 14.3;
				MTL_ENABLE_DEBUG_INFO = INCLUDE_SOURCE;
				MTL_FAST_MATH = YES;
				ONLY_ACTIVE_ARCH = YES;
				SDKROOT = iphoneos;
				SWIFT_ACTIVE_COMPILATION_CONDITIONS = DEBUG;
				SWIFT_OPTIMIZATION_LEVEL = "-Onone";
				VERSIONING_SYSTEM = "apple-generic";
				VERSION_INFO_PREFIX = "";
			};
			name = Debug;
		};
		A04B1F1425A54CDF004B3134 /* Release */ = {
			isa = XCBuildConfiguration;
			buildSettings = {
				ALWAYS_SEARCH_USER_PATHS = NO;
				CLANG_ANALYZER_NONNULL = YES;
				CLANG_ANALYZER_NUMBER_OBJECT_CONVERSION = YES_AGGRESSIVE;
				CLANG_CXX_LANGUAGE_STANDARD = "gnu++14";
				CLANG_CXX_LIBRARY = "libc++";
				CLANG_ENABLE_MODULES = YES;
				CLANG_ENABLE_OBJC_ARC = YES;
				CLANG_ENABLE_OBJC_WEAK = YES;
				CLANG_WARN_BLOCK_CAPTURE_AUTORELEASING = YES;
				CLANG_WARN_BOOL_CONVERSION = YES;
				CLANG_WARN_COMMA = YES;
				CLANG_WARN_CONSTANT_CONVERSION = YES;
				CLANG_WARN_DEPRECATED_OBJC_IMPLEMENTATIONS = YES;
				CLANG_WARN_DIRECT_OBJC_ISA_USAGE = YES_ERROR;
				CLANG_WARN_DOCUMENTATION_COMMENTS = YES;
				CLANG_WARN_EMPTY_BODY = YES;
				CLANG_WARN_ENUM_CONVERSION = YES;
				CLANG_WARN_INFINITE_RECURSION = YES;
				CLANG_WARN_INT_CONVERSION = YES;
				CLANG_WARN_NON_LITERAL_NULL_CONVERSION = YES;
				CLANG_WARN_OBJC_IMPLICIT_RETAIN_SELF = YES;
				CLANG_WARN_OBJC_LITERAL_CONVERSION = YES;
				CLANG_WARN_OBJC_ROOT_CLASS = YES_ERROR;
				CLANG_WARN_QUOTED_INCLUDE_IN_FRAMEWORK_HEADER = YES;
				CLANG_WARN_RANGE_LOOP_ANALYSIS = YES;
				CLANG_WARN_STRICT_PROTOTYPES = YES;
				CLANG_WARN_SUSPICIOUS_MOVE = YES;
				CLANG_WARN_UNGUARDED_AVAILABILITY = YES_AGGRESSIVE;
				CLANG_WARN_UNREACHABLE_CODE = YES;
				CLANG_WARN__DUPLICATE_METHOD_MATCH = YES;
				COPY_PHASE_STRIP = NO;
				CURRENT_PROJECT_VERSION = 1;
				DEBUG_INFORMATION_FORMAT = "dwarf-with-dsym";
				ENABLE_NS_ASSERTIONS = NO;
				ENABLE_STRICT_OBJC_MSGSEND = YES;
				GCC_C_LANGUAGE_STANDARD = gnu11;
				GCC_NO_COMMON_BLOCKS = YES;
				GCC_WARN_64_TO_32_BIT_CONVERSION = YES;
				GCC_WARN_ABOUT_RETURN_TYPE = YES_ERROR;
				GCC_WARN_UNDECLARED_SELECTOR = YES;
				GCC_WARN_UNINITIALIZED_AUTOS = YES_AGGRESSIVE;
				GCC_WARN_UNUSED_FUNCTION = YES;
				GCC_WARN_UNUSED_VARIABLE = YES;
				IPHONEOS_DEPLOYMENT_TARGET = 14.3;
				MTL_ENABLE_DEBUG_INFO = NO;
				MTL_FAST_MATH = YES;
				SDKROOT = iphoneos;
				SWIFT_COMPILATION_MODE = wholemodule;
				SWIFT_OPTIMIZATION_LEVEL = "-O";
				VALIDATE_PRODUCT = YES;
				VERSIONING_SYSTEM = "apple-generic";
				VERSION_INFO_PREFIX = "";
			};
			name = Release;
		};
		A04B1F1625A54CDF004B3134 /* Debug */ = {
			isa = XCBuildConfiguration;
			baseConfigurationReference = 03296CDCCF754284139D467C /* Pods-AnyNetworkService-iOS.debug.xcconfig */;
			buildSettings = {
				APPLICATION_EXTENSION_API_ONLY = YES;
				CODE_SIGN_STYLE = Automatic;
				DEFINES_MODULE = YES;
				DEVELOPMENT_TEAM = 7SA22A9L3L;
				DYLIB_COMPATIBILITY_VERSION = 1;
				DYLIB_CURRENT_VERSION = 1;
				DYLIB_INSTALL_NAME_BASE = "@rpath";
				INFOPLIST_FILE = Sources/Info.plist;
				INSTALL_PATH = "$(LOCAL_LIBRARY_DIR)/Frameworks";
				IPHONEOS_DEPLOYMENT_TARGET = 13.0;
				LD_RUNPATH_SEARCH_PATHS = (
					"$(inherited)",
					"@executable_path/Frameworks",
					"@loader_path/Frameworks",
				);
				MARKETING_VERSION = 0.2.0;
				PRODUCT_BUNDLE_IDENTIFIER = com.anotheren.AnyNetworkService;
				PRODUCT_NAME = AnyNetworkService;
				SKIP_INSTALL = YES;
				SWIFT_VERSION = 5.0;
				TARGETED_DEVICE_FAMILY = "1,2";
			};
			name = Debug;
		};
		A04B1F1725A54CDF004B3134 /* Release */ = {
			isa = XCBuildConfiguration;
			baseConfigurationReference = F94B1E21D241CCCD28E0B218 /* Pods-AnyNetworkService-iOS.release.xcconfig */;
			buildSettings = {
				APPLICATION_EXTENSION_API_ONLY = YES;
				CODE_SIGN_STYLE = Automatic;
				DEFINES_MODULE = YES;
				DEVELOPMENT_TEAM = 7SA22A9L3L;
				DYLIB_COMPATIBILITY_VERSION = 1;
				DYLIB_CURRENT_VERSION = 1;
				DYLIB_INSTALL_NAME_BASE = "@rpath";
				INFOPLIST_FILE = Sources/Info.plist;
				INSTALL_PATH = "$(LOCAL_LIBRARY_DIR)/Frameworks";
				IPHONEOS_DEPLOYMENT_TARGET = 13.0;
				LD_RUNPATH_SEARCH_PATHS = (
					"$(inherited)",
					"@executable_path/Frameworks",
					"@loader_path/Frameworks",
				);
				MARKETING_VERSION = 0.2.0;
				PRODUCT_BUNDLE_IDENTIFIER = com.anotheren.AnyNetworkService;
				PRODUCT_NAME = AnyNetworkService;
				SKIP_INSTALL = YES;
				SWIFT_VERSION = 5.0;
				TARGETED_DEVICE_FAMILY = "1,2";
			};
			name = Release;
		};
		A04B1F2725A5500A004B3134 /* Debug */ = {
			isa = XCBuildConfiguration;
			baseConfigurationReference = C1E50E72C54414373ECA1515 /* Pods-AnyNetworkService-macOS.debug.xcconfig */;
			buildSettings = {
				APPLICATION_EXTENSION_API_ONLY = YES;
				CODE_SIGN_STYLE = Automatic;
				COMBINE_HIDPI_IMAGES = YES;
				DEFINES_MODULE = YES;
				DEVELOPMENT_TEAM = 7SA22A9L3L;
				DYLIB_COMPATIBILITY_VERSION = 1;
				DYLIB_CURRENT_VERSION = 1;
				DYLIB_INSTALL_NAME_BASE = "@rpath";
				INFOPLIST_FILE = Sources/Info.plist;
				INSTALL_PATH = "$(LOCAL_LIBRARY_DIR)/Frameworks";
				LD_RUNPATH_SEARCH_PATHS = (
					"$(inherited)",
					"@executable_path/../Frameworks",
					"@loader_path/Frameworks",
				);
				MACOSX_DEPLOYMENT_TARGET = 10.15;
				MARKETING_VERSION = 0.2.0;
				PRODUCT_BUNDLE_IDENTIFIER = com.anotheren.AnyNetworkService;
				PRODUCT_NAME = AnyNetworkService;
				SDKROOT = macosx;
				SKIP_INSTALL = YES;
				SWIFT_VERSION = 5.0;
			};
			name = Debug;
		};
		A04B1F2825A5500A004B3134 /* Release */ = {
			isa = XCBuildConfiguration;
			baseConfigurationReference = CB8760B740E8510889B4B8CA /* Pods-AnyNetworkService-macOS.release.xcconfig */;
			buildSettings = {
				APPLICATION_EXTENSION_API_ONLY = YES;
				CODE_SIGN_STYLE = Automatic;
				COMBINE_HIDPI_IMAGES = YES;
				DEFINES_MODULE = YES;
				DEVELOPMENT_TEAM = 7SA22A9L3L;
				DYLIB_COMPATIBILITY_VERSION = 1;
				DYLIB_CURRENT_VERSION = 1;
				DYLIB_INSTALL_NAME_BASE = "@rpath";
				INFOPLIST_FILE = Sources/Info.plist;
				INSTALL_PATH = "$(LOCAL_LIBRARY_DIR)/Frameworks";
				LD_RUNPATH_SEARCH_PATHS = (
					"$(inherited)",
					"@executable_path/../Frameworks",
					"@loader_path/Frameworks",
				);
				MACOSX_DEPLOYMENT_TARGET = 10.15;
				MARKETING_VERSION = 0.2.0;
				PRODUCT_BUNDLE_IDENTIFIER = com.anotheren.AnyNetworkService;
				PRODUCT_NAME = AnyNetworkService;
				SDKROOT = macosx;
				SKIP_INSTALL = YES;
				SWIFT_VERSION = 5.0;
			};
			name = Release;
		};
/* End XCBuildConfiguration section */

/* Begin XCConfigurationList section */
		A04B1F0725A54CDF004B3134 /* Build configuration list for PBXProject "AnyNetworkService" */ = {
			isa = XCConfigurationList;
			buildConfigurations = (
				A04B1F1325A54CDF004B3134 /* Debug */,
				A04B1F1425A54CDF004B3134 /* Release */,
			);
			defaultConfigurationIsVisible = 0;
			defaultConfigurationName = Release;
		};
		A04B1F1525A54CDF004B3134 /* Build configuration list for PBXNativeTarget "AnyNetworkService-iOS" */ = {
			isa = XCConfigurationList;
			buildConfigurations = (
				A04B1F1625A54CDF004B3134 /* Debug */,
				A04B1F1725A54CDF004B3134 /* Release */,
			);
			defaultConfigurationIsVisible = 0;
			defaultConfigurationName = Release;
		};
		A04B1F2625A5500A004B3134 /* Build configuration list for PBXNativeTarget "AnyNetworkService-macOS" */ = {
			isa = XCConfigurationList;
			buildConfigurations = (
				A04B1F2725A5500A004B3134 /* Debug */,
				A04B1F2825A5500A004B3134 /* Release */,
			);
			defaultConfigurationIsVisible = 0;
			defaultConfigurationName = Release;
		};
/* End XCConfigurationList section */
	};
	rootObject = A04B1F0425A54CDF004B3134 /* Project object */;
}
